
Microsoft Visual Studio Solution File, Format Version 12.00
# Visual Studio Version 16
VisualStudioVersion = 16.0.31613.86
MinimumVisualStudioVersion = 10.0.40219.1
Project("{FAE04EC0-301F-11D3-BF4B-00C04F79EFBC}") = "Semana07", "Semana05\Semana07.csproj", "{8308D02A-DCB8-4300-9BC5-2B3F1F6E0B17}"
EndProject
Project("{FAE04EC0-301F-11D3-BF4B-00C04F79EFBC}") = "Data", "Data\Data.csproj", "{9DA4D070-8D96-483A-B0BC-0FC934FE89EE}"
EndProject
Project("{FAE04EC0-301F-11D3-BF4B-00C04F79EFBC}") = "Business", "Business\Business.csproj", "{B8FB1E38-C794-4E7B-A377-4A6AA4BE0EC0}"
EndProject
Project("{FAE04EC0-301F-11D3-BF4B-00C04F79EFBC}") = "Entity", "Entity\Entity.csproj", "{5C8DCBC3-3886-421A-86C7-55D6DBDB42ED}"
EndProject
Global
	GlobalSection(SolutionConfigurationPlatforms) = preSolution
		Debug|Any CPU = Debug|Any CPU
		Release|Any CPU = Release|Any CPU
	EndGlobalSection
	GlobalSection(ProjectConfigurationPlatforms) = postSolution
		{8308D02A-DCB8-4300-9BC5-2B3F1F6E0B17}.Debug|Any CPU.ActiveCfg = Debug|Any CPU
		{8308D02A-DCB8-4300-9BC5-2B3F1F6E0B17}.Debug|Any CPU.Build.0 = Debug|Any CPU
		{8308D02A-DCB8-4300-9BC5-2B3F1F6E0B17}.Release|Any CPU.ActiveCfg = Release|Any CPU
		{8308D02A-DCB8-4300-9BC5-2B3F1F6E0B17}.Release|Any CPU.Build.0 = Release|Any CPU
		{9DA4D070-8D96-483A-B0BC-0FC934FE89EE}.Debug|Any CPU.ActiveCfg = Debug|Any CPU
		{9DA4D070-8D96-483A-B0BC-0FC934FE89EE}.Debug|Any CPU.Build.0 = Debug|Any CPU
		{9DA4D070-8D96-483A-B0BC-0FC934FE89EE}.Release|Any CPU.ActiveCfg = Release|Any CPU
		{9DA4D070-8D96-483A-B0BC-0FC934FE89EE}.Release|Any CPU.Build.0 = Release|Any CPU
		{B8FB1E38-C794-4E7B-A377-4A6AA4BE0EC0}.Debug|Any CPU.ActiveCfg = Debug|Any CPU
		{B8FB1E38-C794-4E7B-A377-4A6AA4BE0EC0}.Debug|Any CPU.Build.0 = Debug|Any CPU
		{B8FB1E38-C794-4E7B-A377-4A6AA4BE0EC0}.Release|Any CPU.ActiveCfg = Release|Any CPU
		{B8FB1E38-C794-4E7B-A377-4A6AA4BE0EC0}.Release|Any CPU.Build.0 = Release|Any CPU
		{5C8DCBC3-3886-421A-86C7-55D6DBDB42ED}.Debug|Any CPU.ActiveCfg = Debug|Any CPU
		{5C8DCBC3-3886-421A-86C7-55D6DBDB42ED}.Debug|Any CPU.Build.0 = Debug|Any CPU
		{5C8DCBC3-3886-421A-86C7-55D6DBDB42ED}.Release|Any CPU.ActiveCfg = Release|Any CPU
		{5C8DCBC3-3886-421A-86C7-55D6DBDB42ED}.Release|Any CPU.Build.0 = Release|Any CPU
	EndGlobalSection
	GlobalSection(SolutionProperties) = preSolution
		HideSolutionNode = FALSE
	EndGlobalSection
	GlobalSection(ExtensibilityGlobals) = postSolution
		SolutionGuid = {B9837848-B473-4EEA-808F-58A535759296}
	EndGlobalSection
EndGlobal
